// !$*UTF8*$!
{
	archiveVersion = 1;
	classes = {
	};
	objectVersion = 56;
	objects = {

/* Begin PBXBuildFile section */
		2CA41DB8293B70090001AC27 /* AppDelegate.swift in Sources */ = {isa = PBXBuildFile; fileRef = 2CA41DB7293B70090001AC27 /* AppDelegate.swift */; };
		2CA41DBA293B70090001AC27 /* SceneDelegate.swift in Sources */ = {isa = PBXBuildFile; fileRef = 2CA41DB9293B70090001AC27 /* SceneDelegate.swift */; };
		2CA41DBC293B70090001AC27 /* ViewController.swift in Sources */ = {isa = PBXBuildFile; fileRef = 2CA41DBB293B70090001AC27 /* ViewController.swift */; };
		2CA41DBF293B70090001AC27 /* Main.storyboard in Resources */ = {isa = PBXBuildFile; fileRef = 2CA41DBD293B70090001AC27 /* Main.storyboard */; };
		2CA41DC2293B70090001AC27 /* OCRTasks.xcdatamodeld in Sources */ = {isa = PBXBuildFile; fileRef = 2CA41DC0293B70090001AC27 /* OCRTasks.xcdatamodeld */; };
		2CA41DC4293B700A0001AC27 /* Assets.xcassets in Resources */ = {isa = PBXBuildFile; fileRef = 2CA41DC3293B700A0001AC27 /* Assets.xcassets */; };
		2CA41DC7293B700A0001AC27 /* LaunchScreen.storyboard in Resources */ = {isa = PBXBuildFile; fileRef = 2CA41DC5293B700A0001AC27 /* LaunchScreen.storyboard */; };
/* End PBXBuildFile section */

/* Begin PBXFileReference section */
		2CA41DB4293B70090001AC27 /* OCRTasks.app */ = {isa = PBXFileReference; explicitFileType = wrapper.application; includeInIndex = 0; path = OCRTasks.app; sourceTree = BUILT_PRODUCTS_DIR; };
		2CA41DB7293B70090001AC27 /* AppDelegate.swift */ = {isa = PBXFileReference; lastKnownFileType = sourcecode.swift; path = AppDelegate.swift; sourceTree = "<group>"; };
		2CA41DB9293B70090001AC27 /* SceneDelegate.swift */ = {isa = PBXFileReference; lastKnownFileType = sourcecode.swift; path = SceneDelegate.swift; sourceTree = "<group>"; };
		2CA41DBB293B70090001AC27 /* ViewController.swift */ = {isa = PBXFileReference; lastKnownFileType = sourcecode.swift; path = ViewController.swift; sourceTree = "<group>"; };
		2CA41DBE293B70090001AC27 /* Base */ = {isa = PBXFileReference; lastKnownFileType = file.storyboard; name = Base; path = Base.lproj/Main.storyboard; sourceTree = "<group>"; };
		2CA41DC1293B70090001AC27 /* OCRTasks.xcdatamodel */ = {isa = PBXFileReference; lastKnownFileType = wrapper.xcdatamodel; path = OCRTasks.xcdatamodel; sourceTree = "<group>"; };
		2CA41DC3293B700A0001AC27 /* Assets.xcassets */ = {isa = PBXFileReference; lastKnownFileType = folder.assetcatalog; path = Assets.xcassets; sourceTree = "<group>"; };
		2CA41DC6293B700A0001AC27 /* Base */ = {isa = PBXFileReference; lastKnownFileType = file.storyboard; name = Base; path = Base.lproj/LaunchScreen.storyboard; sourceTree = "<group>"; };
		2CA41DC8293B700A0001AC27 /* Info.plist */ = {isa = PBXFileReference; lastKnownFileType = text.plist.xml; path = Info.plist; sourceTree = "<group>"; };
/* End PBXFileReference section */

/* Begin PBXFrameworksBuildPhase section */
		2CA41DB1293B70090001AC27 /* Frameworks */ = {
			isa = PBXFrameworksBuildPhase;
			buildActionMask = 2147483647;
			files = (
			);
			runOnlyForDeploymentPostprocessing = 0;
		};
/* End PBXFrameworksBuildPhase section */

/* Begin PBXGroup section */
		2CA41DAB293B70090001AC27 = {
			isa = PBXGroup;
			children = (
				2CA41DB6293B70090001AC27 /* OCRTasks */,
				2CA41DB5293B70090001AC27 /* Products */,
			);
			sourceTree = "<group>";
		};
		2CA41DB5293B70090001AC27 /* Products */ = {
			isa = PBXGroup;
			children = (
				2CA41DB4293B70090001AC27 /* OCRTasks.app */,
			);
			name = Products;
			sourceTree = "<group>";
		};
		2CA41DB6293B70090001AC27 /* OCRTasks */ = {
			isa = PBXGroup;
			children = (
				2CA41DB7293B70090001AC27 /* AppDelegate.swift */,
				2CA41DB9293B70090001AC27 /* SceneDelegate.swift */,
				2CA41DBB293B70090001AC27 /* ViewController.swift */,
				2CA41DBD293B70090001AC27 /* Main.storyboard */,
				2CA41DC3293B700A0001AC27 /* Assets.xcassets */,
				2CA41DC5293B700A0001AC27 /* LaunchScreen.storyboard */,
				2CA41DC8293B700A0001AC27 /* Info.plist */,
				2CA41DC0293B70090001AC27 /* OCRTasks.xcdatamodeld */,
			);
			path = OCRTasks;
			sourceTree = "<group>";
		};
/* End PBXGroup section */

/* Begin PBXNativeTarget section */
		2CA41DB3293B70090001AC27 /* OCRTasks */ = {
			isa = PBXNativeTarget;
			buildConfigurationList = 2CA41DCB293B700A0001AC27 /* Build configuration list for PBXNativeTarget "OCRTasks" */;
			buildPhases = (
				2CA41DB0293B70090001AC27 /* Sources */,
				2CA41DB1293B70090001AC27 /* Frameworks */,
				2CA41DB2293B70090001AC27 /* Resources */,
			);
			buildRules = (
			);
			dependencies = (
			);
			name = OCRTasks;
			productName = OCRTasks;
			productReference = 2CA41DB4293B70090001AC27 /* OCRTasks.app */;
			productType = "com.apple.product-type.application";
		};
/* End PBXNativeTarget section */

/* Begin PBXProject section */
		2CA41DAC293B70090001AC27 /* Project object */ = {
			isa = PBXProject;
			attributes = {
				BuildIndependentTargetsInParallel = 1;
				LastSwiftUpdateCheck = 1410;
				LastUpgradeCheck = 1410;
				TargetAttributes = {
					2CA41DB3293B70090001AC27 = {
						CreatedOnToolsVersion = 14.1;
					};
				};
			};
			buildConfigurationList = 2CA41DAF293B70090001AC27 /* Build configuration list for PBXProject "OCRTasks" */;
			compatibilityVersion = "Xcode 14.0";
			developmentRegion = en;
			hasScannedForEncodings = 0;
			knownRegions = (
				en,
				Base,
			);
			mainGroup = 2CA41DAB293B70090001AC27;
			productRefGroup = 2CA41DB5293B70090001AC27 /* Products */;
			projectDirPath = "";
			projectRoot = "";
			targets = (
				2CA41DB3293B70090001AC27 /* OCRTasks */,
			);
		};
/* End PBXProject section */

/* Begin PBXResourcesBuildPhase section */
		2CA41DB2293B70090001AC27 /* Resources */ = {
			isa = PBXResourcesBuildPhase;
			buildActionMask = 2147483647;
			files = (
				2CA41DC7293B700A0001AC27 /* LaunchScreen.storyboard in Resources */,
				2CA41DC4293B700A0001AC27 /* Assets.xcassets in Resources */,
				2CA41DBF293B70090001AC27 /* Main.storyboard in Resources */,
			);
			runOnlyForDeploymentPostprocessing = 0;
		};
/* End PBXResourcesBuildPhase section */

/* Begin PBXSourcesBuildPhase section */
		2CA41DB0293B70090001AC27 /* Sources */ = {
			isa = PBXSourcesBuildPhase;
			buildActionMask = 2147483647;
			files = (
				2CA41DBC293B70090001AC27 /* ViewController.swift in Sources */,
				2CA41DB8293B70090001AC27 /* AppDelegate.swift in Sources */,
				2CA41DBA293B70090001AC27 /* SceneDelegate.swift in Sources */,
				2CA41DC2293B70090001AC27 /* OCRTasks.xcdatamodeld in Sources */,
			);
			runOnlyForDeploymentPostprocessing = 0;
		};
/* End PBXSourcesBuildPhase section */

/* Begin PBXVariantGroup section */
		2CA41DBD293B70090001AC27 /* Main.storyboard */ = {
			isa = PBXVariantGroup;
			children = (
				2CA41DBE293B70090001AC27 /* Base */,
			);
			name = Main.storyboard;
			sourceTree = "<group>";
		};
		2CA41DC5293B700A0001AC27 /* LaunchScreen.storyboard */ = {
			isa = PBXVariantGroup;
			children = (
				2CA41DC6293B700A0001AC27 /* Base */,
			);
			name = LaunchScreen.storyboard;
			sourceTree = "<group>";
		};
/* End PBXVariantGroup section */

/* Begin XCBuildConfiguration section */
		2CA41DC9293B700A0001AC27 /* Debug */ = {
			isa = XCBuildConfiguration;
			buildSettings = {
				ALWAYS_SEARCH_USER_PATHS = NO;
				CLANG_ANALYZER_NONNULL = YES;
				CLANG_ANALYZER_NUMBER_OBJECT_CONVERSION = YES_AGGRESSIVE;
				CLANG_CXX_LANGUAGE_STANDARD = "gnu++20";
				CLANG_ENABLE_MODULES = YES;
				CLANG_ENABLE_OBJC_ARC = YES;
				CLANG_ENABLE_OBJC_WEAK = YES;
				CLANG_WARN_BLOCK_CAPTURE_AUTORELEASING = YES;
				CLANG_WARN_BOOL_CONVERSION = YES;
				CLANG_WARN_COMMA = YES;
				CLANG_WARN_CONSTANT_CONVERSION = YES;
				CLANG_WARN_DEPRECATED_OBJC_IMPLEMENTATIONS = YES;
				CLANG_WARN_DIRECT_OBJC_ISA_USAGE = YES_ERROR;
				CLANG_WARN_DOCUMENTATION_COMMENTS = YES;
				CLANG_WARN_EMPTY_BODY = YES;
				CLANG_WARN_ENUM_CONVERSION = YES;
				CLANG_WARN_INFINITE_RECURSION = YES;
				CLANG_WARN_INT_CONVERSION = YES;
				CLANG_WARN_NON_LITERAL_NULL_CONVERSION = YES;
				CLANG_WARN_OBJC_IMPLICIT_RETAIN_SELF = YES;
				CLANG_WARN_OBJC_LITERAL_CONVERSION = YES;
				CLANG_WARN_OBJC_ROOT_CLASS = YES_ERROR;
				CLANG_WARN_QUOTED_INCLUDE_IN_FRAMEWORK_HEADER = YES;
				CLANG_WARN_RANGE_LOOP_ANALYSIS = YES;
				CLANG_WARN_STRICT_PROTOTYPES = YES;
				CLANG_WARN_SUSPICIOUS_MOVE = YES;
				CLANG_WARN_UNGUARDED_AVAILABILITY = YES_AGGRESSIVE;
				CLANG_WARN_UNREACHABLE_CODE = YES;
				CLANG_WARN__DUPLICATE_METHOD_MATCH = YES;
				COPY_PHASE_STRIP = NO;
				DEBUG_INFORMATION_FORMAT = dwarf;
				ENABLE_STRICT_OBJC_MSGSEND = YES;
				ENABLE_TESTABILITY = YES;
				GCC_C_LANGUAGE_STANDARD = gnu11;
				GCC_DYNAMIC_NO_PIC = NO;
				GCC_NO_COMMON_BLOCKS = YES;
				GCC_OPTIMIZATION_LEVEL = 0;
				GCC_PREPROCESSOR_DEFINITIONS = (
					"DEBUG=1",
					"$(inherited)",
				);
				GCC_WARN_64_TO_32_BIT_CONVERSION = YES;
				GCC_WARN_ABOUT_RETURN_TYPE = YES_ERROR;
				GCC_WARN_UNDECLARED_SELECTOR = YES;
				GCC_WARN_UNINITIALIZED_AUTOS = YES_AGGRESSIVE;
				GCC_WARN_UNUSED_FUNCTION = YES;
				GCC_WARN_UNUSED_VARIABLE = YES;
				IPHONEOS_DEPLOYMENT_TARGET = 16.1;
				MTL_ENABLE_DEBUG_INFO = INCLUDE_SOURCE;
				MTL_FAST_MATH = YES;
				ONLY_ACTIVE_ARCH = YES;
				SDKROOT = iphoneos;
				SWIFT_ACTIVE_COMPILATION_CONDITIONS = DEBUG;
				SWIFT_OPTIMIZATION_LEVEL = "-Onone";
			};
			name = Debug;
		};
		2CA41DCA293B700A0001AC27 /* Release */ = {
			isa = XCBuildConfiguration;
			buildSettings = {
				ALWAYS_SEARCH_USER_PATHS = NO;
				CLANG_ANALYZER_NONNULL = YES;
				CLANG_ANALYZER_NUMBER_OBJECT_CONVERSION = YES_AGGRESSIVE;
				CLANG_CXX_LANGUAGE_STANDARD = "gnu++20";
				CLANG_ENABLE_MODULES = YES;
				CLANG_ENABLE_OBJC_ARC = YES;
				CLANG_ENABLE_OBJC_WEAK = YES;
				CLANG_WARN_BLOCK_CAPTURE_AUTORELEASING = YES;
				CLANG_WARN_BOOL_CONVERSION = YES;
				CLANG_WARN_COMMA = YES;
				CLANG_WARN_CONSTANT_CONVERSION = YES;
				CLANG_WARN_DEPRECATED_OBJC_IMPLEMENTATIONS = YES;
				CLANG_WARN_DIRECT_OBJC_ISA_USAGE = YES_ERROR;
				CLANG_WARN_DOCUMENTATION_COMMENTS = YES;
				CLANG_WARN_EMPTY_BODY = YES;
				CLANG_WARN_ENUM_CONVERSION = YES;
				CLANG_WARN_INFINITE_RECURSION = YES;
				CLANG_WARN_INT_CONVERSION = YES;
				CLANG_WARN_NON_LITERAL_NULL_CONVERSION = YES;
				CLANG_WARN_OBJC_IMPLICIT_RETAIN_SELF = YES;
				CLANG_WARN_OBJC_LITERAL_CONVERSION = YES;
				CLANG_WARN_OBJC_ROOT_CLASS = YES_ERROR;
				CLANG_WARN_QUOTED_INCLUDE_IN_FRAMEWORK_HEADER = YES;
				CLANG_WARN_RANGE_LOOP_ANALYSIS = YES;
				CLANG_WARN_STRICT_PROTOTYPES = YES;
				CLANG_WARN_SUSPICIOUS_MOVE = YES;
				CLANG_WARN_UNGUARDED_AVAILABILITY = YES_AGGRESSIVE;
				CLANG_WARN_UNREACHABLE_CODE = YES;
				CLANG_WARN__DUPLICATE_METHOD_MATCH = YES;
				COPY_PHASE_STRIP = NO;
				DEBUG_INFORMATION_FORMAT = "dwarf-with-dsym";
				ENABLE_NS_ASSERTIONS = NO;
				ENABLE_STRICT_OBJC_MSGSEND = YES;
				GCC_C_LANGUAGE_STANDARD = gnu11;
				GCC_NO_COMMON_BLOCKS = YES;
				GCC_WARN_64_TO_32_BIT_CONVERSION = YES;
				GCC_WARN_ABOUT_RETURN_TYPE = YES_ERROR;
				GCC_WARN_UNDECLARED_SELECTOR = YES;
				GCC_WARN_UNINITIALIZED_AUTOS = YES_AGGRESSIVE;
				GCC_WARN_UNUSED_FUNCTION = YES;
				GCC_WARN_UNUSED_VARIABLE = YES;
				IPHONEOS_DEPLOYMENT_TARGET = 16.1;
				MTL_ENABLE_DEBUG_INFO = NO;
				MTL_FAST_MATH = YES;
				SDKROOT = iphoneos;
				SWIFT_COMPILATION_MODE = wholemodule;
				SWIFT_OPTIMIZATION_LEVEL = "-O";
				VALIDATE_PRODUCT = YES;
			};
			name = Release;
		};
		2CA41DCC293B700A0001AC27 /* Debug */ = {
			isa = XCBuildConfiguration;
			buildSettings = {
				ASSETCATALOG_COMPILER_APPICON_NAME = AppIcon;
				ASSETCATALOG_COMPILER_GLOBAL_ACCENT_COLOR_NAME = AccentColor;
				CODE_SIGN_STYLE = Automatic;
				CURRENT_PROJECT_VERSION = 1;
				DEVELOPMENT_TEAM = XLXB9YQ52L;
				GENERATE_INFOPLIST_FILE = YES;
				INFOPLIST_FILE = OCRTasks/Info.plist;
				INFOPLIST_KEY_UIApplicationSupportsIndirectInputEvents = YES;
				INFOPLIST_KEY_UILaunchStoryboardName = LaunchScreen;
				INFOPLIST_KEY_UIMainStoryboardFile = Main;
				INFOPLIST_KEY_UISupportedInterfaceOrientations_iPad = "UIInterfaceOrientationPortrait UIInterfaceOrientationPortraitUpsideDown UIInterfaceOrientationLandscapeLeft UIInterfaceOrientationLandscapeRight";
				INFOPLIST_KEY_UISupportedInterfaceOrientations_iPhone = "UIInterfaceOrientationPortrait UIInterfaceOrientationLandscapeLeft UIInterfaceOrientationLandscapeRight";
				LD_RUNPATH_SEARCH_PATHS = (
					"$(inherited)",
					"@executable_path/Frameworks",
				);
				MARKETING_VERSION = 1.0;
				PRODUCT_BUNDLE_IDENTIFIER = ru.ivanov.OCRTasks;
				PRODUCT_NAME = "$(TARGET_NAME)";
				SWIFT_EMIT_LOC_STRINGS = YES;
				SWIFT_VERSION = 5.0;
				TARGETED_DEVICE_FAMILY = "1,2";
			};
			name = Debug;
		};
		2CA41DCD293B700A0001AC27 /* Release */ = {
			isa = XCBuildConfiguration;
			buildSettings = {
				ASSETCATALOG_COMPILER_APPICON_NAME = AppIcon;
				ASSETCATALOG_COMPILER_GLOBAL_ACCENT_COLOR_NAME = AccentColor;
				CODE_SIGN_STYLE = Automatic;
				CURRENT_PROJECT_VERSION = 1;
				DEVELOPMENT_TEAM = XLXB9YQ52L;
				GENERATE_INFOPLIST_FILE = YES;
				INFOPLIST_FILE = OCRTasks/Info.plist;
				INFOPLIST_KEY_UIApplicationSupportsIndirectInputEvents = YES;
				INFOPLIST_KEY_UILaunchStoryboardName = LaunchScreen;
				INFOPLIST_KEY_UIMainStoryboardFile = Main;
				INFOPLIST_KEY_UISupportedInterfaceOrientations_iPad = "UIInterfaceOrientationPortrait UIInterfaceOrientationPortraitUpsideDown UIInterfaceOrientationLandscapeLeft UIInterfaceOrientationLandscapeRight";
				INFOPLIST_KEY_UISupportedInterfaceOrientations_iPhone = "UIInterfaceOrientationPortrait UIInterfaceOrientationLandscapeLeft UIInterfaceOrientationLandscapeRight";
				LD_RUNPATH_SEARCH_PATHS = (
					"$(inherited)",
					"@executable_path/Frameworks",
				);
				MARKETING_VERSION = 1.0;
				PRODUCT_BUNDLE_IDENTIFIER = ru.ivanov.OCRTasks;
				PRODUCT_NAME = "$(TARGET_NAME)";
				SWIFT_EMIT_LOC_STRINGS = YES;
				SWIFT_VERSION = 5.0;
				TARGETED_DEVICE_FAMILY = "1,2";
			};
			name = Release;
		};
/* End XCBuildConfiguration section */

/* Begin XCConfigurationList section */
		2CA41DAF293B70090001AC27 /* Build configuration list for PBXProject "OCRTasks" */ = {
			isa = XCConfigurationList;
			buildConfigurations = (
				2CA41DC9293B700A0001AC27 /* Debug */,
				2CA41DCA293B700A0001AC27 /* Release */,
			);
			defaultConfigurationIsVisible = 0;
			defaultConfigurationName = Release;
		};
		2CA41DCB293B700A0001AC27 /* Build configuration list for PBXNativeTarget "OCRTasks" */ = {
			isa = XCConfigurationList;
			buildConfigurations = (
				2CA41DCC293B700A0001AC27 /* Debug */,
				2CA41DCD293B700A0001AC27 /* Release */,
			);
			defaultConfigurationIsVisible = 0;
			defaultConfigurationName = Release;
		};
/* End XCConfigurationList section */

/* Begin XCVersionGroup section */
		2CA41DC0293B70090001AC27 /* OCRTasks.xcdatamodeld */ = {
			isa = XCVersionGroup;
			children = (
				2CA41DC1293B70090001AC27 /* OCRTasks.xcdatamodel */,
			);
			currentVersion = 2CA41DC1293B70090001AC27 /* OCRTasks.xcdatamodel */;
			path = OCRTasks.xcdatamodeld;
			sourceTree = "<group>";
			versionGroupType = wrapper.xcdatamodel;
		};
/* End XCVersionGroup section */
	};
	rootObject = 2CA41DAC293B70090001AC27 /* Project object */;
}
