// !$*UTF8*$!
{
	archiveVersion = 1;
	classes = {
	};
	objectVersion = 56;
	objects = {

/* Begin PBXBuildFile section */
		2C0DBEA2294B4DA00095A101 /* SegueAutorization.swift in Sources */ = {isa = PBXBuildFile; fileRef = 2C0DBEA1294B4DA00095A101 /* SegueAutorization.swift */; };
		2C0DBEA4294B805F0095A101 /* SegueTasksListVC.swift in Sources */ = {isa = PBXBuildFile; fileRef = 2C0DBEA3294B805F0095A101 /* SegueTasksListVC.swift */; };
		2C0DBEA6295058590095A101 /* User.swift in Sources */ = {isa = PBXBuildFile; fileRef = 2C0DBEA5295058590095A101 /* User.swift */; };
		2C0DBEA829505A360095A101 /* TasksList.swift in Sources */ = {isa = PBXBuildFile; fileRef = 2C0DBEA729505A360095A101 /* TasksList.swift */; };
		2C1509BC298A509400D07511 /* ShapeLayerTasksVC.swift in Sources */ = {isa = PBXBuildFile; fileRef = 2C1509BB298A509400D07511 /* ShapeLayerTasksVC.swift */; };
		2C1509C0298A522800D07511 /* TableViewTasksVC.swift in Sources */ = {isa = PBXBuildFile; fileRef = 2C1509BF298A522800D07511 /* TableViewTasksVC.swift */; };
		2C1509C2298A530800D07511 /* TableViewTasksListVC.swift in Sources */ = {isa = PBXBuildFile; fileRef = 2C1509C1298A530800D07511 /* TableViewTasksListVC.swift */; };
		2C1509C4298B9BAA00D07511 /* ShapeLayerTasksListVC.swift in Sources */ = {isa = PBXBuildFile; fileRef = 2C1509C3298B9BAA00D07511 /* ShapeLayerTasksListVC.swift */; };
		2C1509C6298CF76C00D07511 /* AlertsAddTasksVC.swift in Sources */ = {isa = PBXBuildFile; fileRef = 2C1509C5298CF76C00D07511 /* AlertsAddTasksVC.swift */; };
		2C1509C8298D001E00D07511 /* TableViewAddTasksVC.swift in Sources */ = {isa = PBXBuildFile; fileRef = 2C1509C7298D001E00D07511 /* TableViewAddTasksVC.swift */; };
		2C1509CA298D01BB00D07511 /* TextFieldAddTasksVC.swift in Sources */ = {isa = PBXBuildFile; fileRef = 2C1509C9298D01BB00D07511 /* TextFieldAddTasksVC.swift */; };
		2C23E8C5295DA78A001DC04F /* TextFieldAlertController.swift in Sources */ = {isa = PBXBuildFile; fileRef = 2C23E8C4295DA78A001DC04F /* TextFieldAlertController.swift */; };
		2C23E8C7295DAB9F001DC04F /* ImagesTextFild.swift in Sources */ = {isa = PBXBuildFile; fileRef = 2C23E8C6295DAB9F001DC04F /* ImagesTextFild.swift */; };
		2C2913CE29956951009AFC27 /* FirebaseStorage in Frameworks */ = {isa = PBXBuildFile; productRef = 2C2913CD29956951009AFC27 /* FirebaseStorage */; };
		2C2913D0299A912B009AFC27 /* SegueTasksVC.swift in Sources */ = {isa = PBXBuildFile; fileRef = 2C2913CF299A912B009AFC27 /* SegueTasksVC.swift */; };
		2C2913D2299BA1C0009AFC27 /* WorkWithPhoto.swift in Sources */ = {isa = PBXBuildFile; fileRef = 2C2913D1299BA1C0009AFC27 /* WorkWithPhoto.swift */; };
		2C2913D629A3663E009AFC27 /* SegueAddTasksVC.swift in Sources */ = {isa = PBXBuildFile; fileRef = 2C2913D529A3663E009AFC27 /* SegueAddTasksVC.swift */; };
		2C3B4A1D29488DEC003D78CE /* FirebaseAnalytics in Frameworks */ = {isa = PBXBuildFile; productRef = 2C3B4A1C29488DEC003D78CE /* FirebaseAnalytics */; };
		2C3B4A1F29488DEC003D78CE /* FirebaseAnalyticsWithoutAdIdSupport in Frameworks */ = {isa = PBXBuildFile; productRef = 2C3B4A1E29488DEC003D78CE /* FirebaseAnalyticsWithoutAdIdSupport */; };
		2C3B4A2129488DEC003D78CE /* FirebaseAuth in Frameworks */ = {isa = PBXBuildFile; productRef = 2C3B4A2029488DEC003D78CE /* FirebaseAuth */; };
		2C3B4A2329488DEC003D78CE /* FirebaseDatabase in Frameworks */ = {isa = PBXBuildFile; productRef = 2C3B4A2229488DEC003D78CE /* FirebaseDatabase */; };
		2C3B4A252948A288003D78CE /* GoogleService-Info.plist in Resources */ = {isa = PBXBuildFile; fileRef = 2C3B4A242948A288003D78CE /* GoogleService-Info.plist */; };
		2C3C7558298D780300A75529 /* LabelAlertController.swift in Sources */ = {isa = PBXBuildFile; fileRef = 2C3C7557298D780300A75529 /* LabelAlertController.swift */; };
		2C3C755A2990C73300A75529 /* AlertControllers.swift in Sources */ = {isa = PBXBuildFile; fileRef = 2C3C75592990C73200A75529 /* AlertControllers.swift */; };
		2C3C755C2990CBA300A75529 /* SignUp.swift in Sources */ = {isa = PBXBuildFile; fileRef = 2C3C755B2990CBA300A75529 /* SignUp.swift */; };
		2C3C755E2990D03D00A75529 /* LogIn.swift in Sources */ = {isa = PBXBuildFile; fileRef = 2C3C755D2990D03D00A75529 /* LogIn.swift */; };
		2C3C75602990D23100A75529 /* StartPresentation.swift in Sources */ = {isa = PBXBuildFile; fileRef = 2C3C755F2990D23100A75529 /* StartPresentation.swift */; };
		2C4B307B2948B62200D092BF /* Messages.swift in Sources */ = {isa = PBXBuildFile; fileRef = 2C4B307A2948B62200D092BF /* Messages.swift */; };
		2C4B307D2948B8E800D092BF /* Key.swift in Sources */ = {isa = PBXBuildFile; fileRef = 2C4B307C2948B8E800D092BF /* Key.swift */; };
		2C5E79DE2949D605001D44CB /* UserInfoVC.swift in Sources */ = {isa = PBXBuildFile; fileRef = 2C5E79DD2949D605001D44CB /* UserInfoVC.swift */; };
		2C6562AC293B8C7100814D9E /* AutorizationVC.swift in Sources */ = {isa = PBXBuildFile; fileRef = 2C6562AB293B8C7100814D9E /* AutorizationVC.swift */; };
		2C6562AE293B988A00814D9E /* TasksListVC.swift in Sources */ = {isa = PBXBuildFile; fileRef = 2C6562AD293B988A00814D9E /* TasksListVC.swift */; };
		2C85DBA329925B69004D528D /* SettingImagePicker.swift in Sources */ = {isa = PBXBuildFile; fileRef = 2C85DBA229925B69004D528D /* SettingImagePicker.swift */; };
		2C85DBA529928227004D528D /* ObserverKeyboard.swift in Sources */ = {isa = PBXBuildFile; fileRef = 2C85DBA429928227004D528D /* ObserverKeyboard.swift */; };
		2C85DBAB2992AE8F004D528D /* PhotosTasksVC.swift in Sources */ = {isa = PBXBuildFile; fileRef = 2C85DBAA2992AE8F004D528D /* PhotosTasksVC.swift */; };
		2C85DBAD2992AF15004D528D /* PhotoCollectionViewCell.swift in Sources */ = {isa = PBXBuildFile; fileRef = 2C85DBAC2992AF15004D528D /* PhotoCollectionViewCell.swift */; };
		2C85DBAF2992B800004D528D /* CollectionView.swift in Sources */ = {isa = PBXBuildFile; fileRef = 2C85DBAE2992B800004D528D /* CollectionView.swift */; };
		2C8F4E9B293E00A600724B0E /* StartVC.swift in Sources */ = {isa = PBXBuildFile; fileRef = 2C8F4E9A293E00A600724B0E /* StartVC.swift */; };
		2C8F4E9D293E08C700724B0E /* PageVC.swift in Sources */ = {isa = PBXBuildFile; fileRef = 2C8F4E9C293E08C700724B0E /* PageVC.swift */; };
		2CA41DB8293B70090001AC27 /* AppDelegate.swift in Sources */ = {isa = PBXBuildFile; fileRef = 2CA41DB7293B70090001AC27 /* AppDelegate.swift */; };
		2CA41DBA293B70090001AC27 /* SceneDelegate.swift in Sources */ = {isa = PBXBuildFile; fileRef = 2CA41DB9293B70090001AC27 /* SceneDelegate.swift */; };
		2CA41DBF293B70090001AC27 /* Main.storyboard in Resources */ = {isa = PBXBuildFile; fileRef = 2CA41DBD293B70090001AC27 /* Main.storyboard */; };
		2CA41DC2293B70090001AC27 /* OCRTasks.xcdatamodeld in Sources */ = {isa = PBXBuildFile; fileRef = 2CA41DC0293B70090001AC27 /* OCRTasks.xcdatamodeld */; };
		2CA41DC4293B700A0001AC27 /* Assets.xcassets in Resources */ = {isa = PBXBuildFile; fileRef = 2CA41DC3293B700A0001AC27 /* Assets.xcassets */; };
		2CA41DC7293B700A0001AC27 /* LaunchScreen.storyboard in Resources */ = {isa = PBXBuildFile; fileRef = 2CA41DC5293B700A0001AC27 /* LaunchScreen.storyboard */; };
		2CEBE8D5296DA34D0016B83C /* TasksVC.swift in Sources */ = {isa = PBXBuildFile; fileRef = 2CEBE8D4296DA34D0016B83C /* TasksVC.swift */; };
		2CEBE8D7296DBE780016B83C /* CellTasks.swift in Sources */ = {isa = PBXBuildFile; fileRef = 2CEBE8D6296DBE780016B83C /* CellTasks.swift */; };
		2CEBE8DB2970267C0016B83C /* TextDelegate.swift in Sources */ = {isa = PBXBuildFile; fileRef = 2CEBE8DA2970267C0016B83C /* TextDelegate.swift */; };
		2CFAA2B62940803500E87A6B /* AddTasksVC.swift in Sources */ = {isa = PBXBuildFile; fileRef = 2CFAA2B52940803500E87A6B /* AddTasksVC.swift */; };
		2CFAA2B82940A31100E87A6B /* CellAddTasks.swift in Sources */ = {isa = PBXBuildFile; fileRef = 2CFAA2B72940A31100E87A6B /* CellAddTasks.swift */; };
		2CFAA2BA2940E30900E87A6B /* CellTasksList.swift in Sources */ = {isa = PBXBuildFile; fileRef = 2CFAA2B92940E30900E87A6B /* CellTasksList.swift */; };
/* End PBXBuildFile section */

/* Begin PBXFileReference section */
		2C0DBEA1294B4DA00095A101 /* SegueAutorization.swift */ = {isa = PBXFileReference; lastKnownFileType = sourcecode.swift; path = SegueAutorization.swift; sourceTree = "<group>"; };
		2C0DBEA3294B805F0095A101 /* SegueTasksListVC.swift */ = {isa = PBXFileReference; lastKnownFileType = sourcecode.swift; path = SegueTasksListVC.swift; sourceTree = "<group>"; };
		2C0DBEA5295058590095A101 /* User.swift */ = {isa = PBXFileReference; lastKnownFileType = sourcecode.swift; path = User.swift; sourceTree = "<group>"; };
		2C0DBEA729505A360095A101 /* TasksList.swift */ = {isa = PBXFileReference; lastKnownFileType = sourcecode.swift; path = TasksList.swift; sourceTree = "<group>"; };
		2C1509BB298A509400D07511 /* ShapeLayerTasksVC.swift */ = {isa = PBXFileReference; lastKnownFileType = sourcecode.swift; path = ShapeLayerTasksVC.swift; sourceTree = "<group>"; };
		2C1509BF298A522800D07511 /* TableViewTasksVC.swift */ = {isa = PBXFileReference; lastKnownFileType = sourcecode.swift; path = TableViewTasksVC.swift; sourceTree = "<group>"; };
		2C1509C1298A530800D07511 /* TableViewTasksListVC.swift */ = {isa = PBXFileReference; lastKnownFileType = sourcecode.swift; path = TableViewTasksListVC.swift; sourceTree = "<group>"; };
		2C1509C3298B9BAA00D07511 /* ShapeLayerTasksListVC.swift */ = {isa = PBXFileReference; lastKnownFileType = sourcecode.swift; path = ShapeLayerTasksListVC.swift; sourceTree = "<group>"; };
		2C1509C5298CF76C00D07511 /* AlertsAddTasksVC.swift */ = {isa = PBXFileReference; lastKnownFileType = sourcecode.swift; path = AlertsAddTasksVC.swift; sourceTree = "<group>"; };
		2C1509C7298D001E00D07511 /* TableViewAddTasksVC.swift */ = {isa = PBXFileReference; lastKnownFileType = sourcecode.swift; path = TableViewAddTasksVC.swift; sourceTree = "<group>"; };
		2C1509C9298D01BB00D07511 /* TextFieldAddTasksVC.swift */ = {isa = PBXFileReference; lastKnownFileType = sourcecode.swift; path = TextFieldAddTasksVC.swift; sourceTree = "<group>"; };
		2C23E8C4295DA78A001DC04F /* TextFieldAlertController.swift */ = {isa = PBXFileReference; lastKnownFileType = sourcecode.swift; path = TextFieldAlertController.swift; sourceTree = "<group>"; };
		2C23E8C6295DAB9F001DC04F /* ImagesTextFild.swift */ = {isa = PBXFileReference; lastKnownFileType = sourcecode.swift; path = ImagesTextFild.swift; sourceTree = "<group>"; };
		2C2913CF299A912B009AFC27 /* SegueTasksVC.swift */ = {isa = PBXFileReference; lastKnownFileType = sourcecode.swift; path = SegueTasksVC.swift; sourceTree = "<group>"; };
		2C2913D1299BA1C0009AFC27 /* WorkWithPhoto.swift */ = {isa = PBXFileReference; lastKnownFileType = sourcecode.swift; path = WorkWithPhoto.swift; sourceTree = "<group>"; };
		2C2913D529A3663E009AFC27 /* SegueAddTasksVC.swift */ = {isa = PBXFileReference; lastKnownFileType = sourcecode.swift; path = SegueAddTasksVC.swift; sourceTree = "<group>"; };
		2C3B4A242948A288003D78CE /* GoogleService-Info.plist */ = {isa = PBXFileReference; fileEncoding = 4; lastKnownFileType = text.plist.xml; path = "GoogleService-Info.plist"; sourceTree = "<group>"; };
		2C3C7557298D780300A75529 /* LabelAlertController.swift */ = {isa = PBXFileReference; lastKnownFileType = sourcecode.swift; path = LabelAlertController.swift; sourceTree = "<group>"; };
		2C3C75592990C73200A75529 /* AlertControllers.swift */ = {isa = PBXFileReference; lastKnownFileType = sourcecode.swift; path = AlertControllers.swift; sourceTree = "<group>"; };
		2C3C755B2990CBA300A75529 /* SignUp.swift */ = {isa = PBXFileReference; lastKnownFileType = sourcecode.swift; path = SignUp.swift; sourceTree = "<group>"; };
		2C3C755D2990D03D00A75529 /* LogIn.swift */ = {isa = PBXFileReference; lastKnownFileType = sourcecode.swift; path = LogIn.swift; sourceTree = "<group>"; };
		2C3C755F2990D23100A75529 /* StartPresentation.swift */ = {isa = PBXFileReference; lastKnownFileType = sourcecode.swift; path = StartPresentation.swift; sourceTree = "<group>"; };
		2C4B307A2948B62200D092BF /* Messages.swift */ = {isa = PBXFileReference; lastKnownFileType = sourcecode.swift; path = Messages.swift; sourceTree = "<group>"; };
		2C4B307C2948B8E800D092BF /* Key.swift */ = {isa = PBXFileReference; lastKnownFileType = sourcecode.swift; path = Key.swift; sourceTree = "<group>"; };
		2C5E79DD2949D605001D44CB /* UserInfoVC.swift */ = {isa = PBXFileReference; lastKnownFileType = sourcecode.swift; path = UserInfoVC.swift; sourceTree = "<group>"; };
		2C6562AB293B8C7100814D9E /* AutorizationVC.swift */ = {isa = PBXFileReference; lastKnownFileType = sourcecode.swift; path = AutorizationVC.swift; sourceTree = "<group>"; };
		2C6562AD293B988A00814D9E /* TasksListVC.swift */ = {isa = PBXFileReference; lastKnownFileType = sourcecode.swift; path = TasksListVC.swift; sourceTree = "<group>"; };
		2C85DBA229925B69004D528D /* SettingImagePicker.swift */ = {isa = PBXFileReference; lastKnownFileType = sourcecode.swift; path = SettingImagePicker.swift; sourceTree = "<group>"; };
		2C85DBA429928227004D528D /* ObserverKeyboard.swift */ = {isa = PBXFileReference; lastKnownFileType = sourcecode.swift; path = ObserverKeyboard.swift; sourceTree = "<group>"; };
		2C85DBAA2992AE8F004D528D /* PhotosTasksVC.swift */ = {isa = PBXFileReference; lastKnownFileType = sourcecode.swift; path = PhotosTasksVC.swift; sourceTree = "<group>"; };
		2C85DBAC2992AF15004D528D /* PhotoCollectionViewCell.swift */ = {isa = PBXFileReference; lastKnownFileType = sourcecode.swift; path = PhotoCollectionViewCell.swift; sourceTree = "<group>"; };
		2C85DBAE2992B800004D528D /* CollectionView.swift */ = {isa = PBXFileReference; lastKnownFileType = sourcecode.swift; path = CollectionView.swift; sourceTree = "<group>"; };
		2C8F4E9A293E00A600724B0E /* StartVC.swift */ = {isa = PBXFileReference; lastKnownFileType = sourcecode.swift; path = StartVC.swift; sourceTree = "<group>"; };
		2C8F4E9C293E08C700724B0E /* PageVC.swift */ = {isa = PBXFileReference; lastKnownFileType = sourcecode.swift; path = PageVC.swift; sourceTree = "<group>"; };
		2CA41DB4293B70090001AC27 /* OCRTasks.app */ = {isa = PBXFileReference; explicitFileType = wrapper.application; includeInIndex = 0; path = OCRTasks.app; sourceTree = BUILT_PRODUCTS_DIR; };
		2CA41DB7293B70090001AC27 /* AppDelegate.swift */ = {isa = PBXFileReference; lastKnownFileType = sourcecode.swift; path = AppDelegate.swift; sourceTree = "<group>"; };
		2CA41DB9293B70090001AC27 /* SceneDelegate.swift */ = {isa = PBXFileReference; lastKnownFileType = sourcecode.swift; path = SceneDelegate.swift; sourceTree = "<group>"; };
		2CA41DBE293B70090001AC27 /* Base */ = {isa = PBXFileReference; lastKnownFileType = file.storyboard; name = Base; path = Base.lproj/Main.storyboard; sourceTree = "<group>"; };
		2CA41DC1293B70090001AC27 /* OCRTasks.xcdatamodel */ = {isa = PBXFileReference; lastKnownFileType = wrapper.xcdatamodel; path = OCRTasks.xcdatamodel; sourceTree = "<group>"; };
		2CA41DC3293B700A0001AC27 /* Assets.xcassets */ = {isa = PBXFileReference; lastKnownFileType = folder.assetcatalog; path = Assets.xcassets; sourceTree = "<group>"; };
		2CA41DC6293B700A0001AC27 /* Base */ = {isa = PBXFileReference; lastKnownFileType = file.storyboard; name = Base; path = Base.lproj/LaunchScreen.storyboard; sourceTree = "<group>"; };
		2CA41DC8293B700A0001AC27 /* Info.plist */ = {isa = PBXFileReference; lastKnownFileType = text.plist.xml; path = Info.plist; sourceTree = "<group>"; };
		2CEBE8D4296DA34D0016B83C /* TasksVC.swift */ = {isa = PBXFileReference; lastKnownFileType = sourcecode.swift; path = TasksVC.swift; sourceTree = "<group>"; };
		2CEBE8D6296DBE780016B83C /* CellTasks.swift */ = {isa = PBXFileReference; lastKnownFileType = sourcecode.swift; path = CellTasks.swift; sourceTree = "<group>"; };
		2CEBE8DA2970267C0016B83C /* TextDelegate.swift */ = {isa = PBXFileReference; lastKnownFileType = sourcecode.swift; path = TextDelegate.swift; sourceTree = "<group>"; };
		2CFAA2B52940803500E87A6B /* AddTasksVC.swift */ = {isa = PBXFileReference; lastKnownFileType = sourcecode.swift; path = AddTasksVC.swift; sourceTree = "<group>"; };
		2CFAA2B72940A31100E87A6B /* CellAddTasks.swift */ = {isa = PBXFileReference; lastKnownFileType = sourcecode.swift; path = CellAddTasks.swift; sourceTree = "<group>"; };
		2CFAA2B92940E30900E87A6B /* CellTasksList.swift */ = {isa = PBXFileReference; lastKnownFileType = sourcecode.swift; path = CellTasksList.swift; sourceTree = "<group>"; };
/* End PBXFileReference section */

/* Begin PBXFrameworksBuildPhase section */
		2CA41DB1293B70090001AC27 /* Frameworks */ = {
			isa = PBXFrameworksBuildPhase;
			buildActionMask = 2147483647;
			files = (
				2C3B4A1D29488DEC003D78CE /* FirebaseAnalytics in Frameworks */,
				2C3B4A2129488DEC003D78CE /* FirebaseAuth in Frameworks */,
				2C3B4A2329488DEC003D78CE /* FirebaseDatabase in Frameworks */,
				2C2913CE29956951009AFC27 /* FirebaseStorage in Frameworks */,
				2C3B4A1F29488DEC003D78CE /* FirebaseAnalyticsWithoutAdIdSupport in Frameworks */,
			);
			runOnlyForDeploymentPostprocessing = 0;
		};
/* End PBXFrameworksBuildPhase section */

/* Begin PBXGroup section */
		2C1509BE298A50DE00D07511 /* View */ = {
			isa = PBXGroup;
			children = (
				2C1509BB298A509400D07511 /* ShapeLayerTasksVC.swift */,
				2C1509BF298A522800D07511 /* TableViewTasksVC.swift */,
			);
			path = View;
			sourceTree = "<group>";
		};
		2C2913CC29956951009AFC27 /* Frameworks */ = {
			isa = PBXGroup;
			children = (
			);
			name = Frameworks;
			sourceTree = "<group>";
		};
		2C3B4A0B294711F0003D78CE /* Application */ = {
			isa = PBXGroup;
			children = (
				2C3B4A0D2947120B003D78CE /* View */,
				2C3B4A0C29471201003D78CE /* Controller */,
			);
			path = Application;
			sourceTree = "<group>";
		};
		2C3B4A0C29471201003D78CE /* Controller */ = {
			isa = PBXGroup;
			children = (
				2CA41DB7293B70090001AC27 /* AppDelegate.swift */,
				2CA41DB9293B70090001AC27 /* SceneDelegate.swift */,
			);
			path = Controller;
			sourceTree = "<group>";
		};
		2C3B4A0D2947120B003D78CE /* View */ = {
			isa = PBXGroup;
			children = (
				2CA41DBD293B70090001AC27 /* Main.storyboard */,
				2CA41DC5293B700A0001AC27 /* LaunchScreen.storyboard */,
			);
			path = View;
			sourceTree = "<group>";
		};
		2C3B4A0F2947145B003D78CE /* TasksList */ = {
			isa = PBXGroup;
			children = (
				2C3B4A122947148A003D78CE /* Model */,
				2C3B4A1129471480003D78CE /* View */,
				2C3B4A102947146E003D78CE /* Controller */,
			);
			path = TasksList;
			sourceTree = "<group>";
		};
		2C3B4A102947146E003D78CE /* Controller */ = {
			isa = PBXGroup;
			children = (
				2C6562AD293B988A00814D9E /* TasksListVC.swift */,
			);
			path = Controller;
			sourceTree = "<group>";
		};
		2C3B4A1129471480003D78CE /* View */ = {
			isa = PBXGroup;
			children = (
				2CFAA2B92940E30900E87A6B /* CellTasksList.swift */,
				2C1509C3298B9BAA00D07511 /* ShapeLayerTasksListVC.swift */,
				2C1509C1298A530800D07511 /* TableViewTasksListVC.swift */,
			);
			path = View;
			sourceTree = "<group>";
		};
		2C3B4A122947148A003D78CE /* Model */ = {
			isa = PBXGroup;
			children = (
				2C0DBEA3294B805F0095A101 /* SegueTasksListVC.swift */,
			);
			path = Model;
			sourceTree = "<group>";
		};
		2C3B4A13294715A5003D78CE /* AddTask */ = {
			isa = PBXGroup;
			children = (
				2C3B4A16294715D1003D78CE /* Model */,
				2C3B4A15294715C7003D78CE /* View */,
				2C3B4A14294715B3003D78CE /* Controller */,
			);
			path = AddTask;
			sourceTree = "<group>";
		};
		2C3B4A14294715B3003D78CE /* Controller */ = {
			isa = PBXGroup;
			children = (
				2CFAA2B52940803500E87A6B /* AddTasksVC.swift */,
			);
			path = Controller;
			sourceTree = "<group>";
		};
		2C3B4A15294715C7003D78CE /* View */ = {
			isa = PBXGroup;
			children = (
				2CFAA2B72940A31100E87A6B /* CellAddTasks.swift */,
				2C1509C5298CF76C00D07511 /* AlertsAddTasksVC.swift */,
				2C1509C7298D001E00D07511 /* TableViewAddTasksVC.swift */,
				2C1509C9298D01BB00D07511 /* TextFieldAddTasksVC.swift */,
				2C85DBA429928227004D528D /* ObserverKeyboard.swift */,
			);
			path = View;
			sourceTree = "<group>";
		};
		2C3B4A16294715D1003D78CE /* Model */ = {
			isa = PBXGroup;
			children = (
				2C0DBEA729505A360095A101 /* TasksList.swift */,
				2CEBE8DA2970267C0016B83C /* TextDelegate.swift */,
				2C2913D529A3663E009AFC27 /* SegueAddTasksVC.swift */,
			);
			path = Model;
			sourceTree = "<group>";
		};
		2C3B4A1729471A45003D78CE /* Presentation */ = {
			isa = PBXGroup;
			children = (
				2C4B30832948BADC00D092BF /* Model */,
				2C4B30822948BAD300D092BF /* View */,
				2C4B30812948BABA00D092BF /* Controller */,
			);
			path = Presentation;
			sourceTree = "<group>";
		};
		2C3B4A1829471A6F003D78CE /* Autorization */ = {
			isa = PBXGroup;
			children = (
				2C4B30802948B9EC00D092BF /* Models */,
				2C4B307F2948B9DE00D092BF /* View */,
				2C4B307E2948B9D000D092BF /* Controllers */,
			);
			path = Autorization;
			sourceTree = "<group>";
		};
		2C4B307E2948B9D000D092BF /* Controllers */ = {
			isa = PBXGroup;
			children = (
				2C6562AB293B8C7100814D9E /* AutorizationVC.swift */,
				2C3C755F2990D23100A75529 /* StartPresentation.swift */,
				2C3C755B2990CBA300A75529 /* SignUp.swift */,
				2C3C755D2990D03D00A75529 /* LogIn.swift */,
			);
			path = Controllers;
			sourceTree = "<group>";
		};
		2C4B307F2948B9DE00D092BF /* View */ = {
			isa = PBXGroup;
			children = (
				2C3C75592990C73200A75529 /* AlertControllers.swift */,
				2C23E8C4295DA78A001DC04F /* TextFieldAlertController.swift */,
				2C3C7557298D780300A75529 /* LabelAlertController.swift */,
			);
			path = View;
			sourceTree = "<group>";
		};
		2C4B30802948B9EC00D092BF /* Models */ = {
			isa = PBXGroup;
			children = (
				2C0DBEA5295058590095A101 /* User.swift */,
				2C0DBEA1294B4DA00095A101 /* SegueAutorization.swift */,
				2C4B307A2948B62200D092BF /* Messages.swift */,
				2C23E8C6295DAB9F001DC04F /* ImagesTextFild.swift */,
			);
			path = Models;
			sourceTree = "<group>";
		};
		2C4B30812948BABA00D092BF /* Controller */ = {
			isa = PBXGroup;
			children = (
				2C8F4E9A293E00A600724B0E /* StartVC.swift */,
			);
			path = Controller;
			sourceTree = "<group>";
		};
		2C4B30822948BAD300D092BF /* View */ = {
			isa = PBXGroup;
			children = (
				2C8F4E9C293E08C700724B0E /* PageVC.swift */,
			);
			path = View;
			sourceTree = "<group>";
		};
		2C4B30832948BADC00D092BF /* Model */ = {
			isa = PBXGroup;
			children = (
				2C4B307C2948B8E800D092BF /* Key.swift */,
			);
			path = Model;
			sourceTree = "<group>";
		};
		2C5E79DA2949D5AB001D44CB /* UserInfo */ = {
			isa = PBXGroup;
			children = (
				2C862A6229A522E4001FC336 /* Controller */,
			);
			path = UserInfo;
			sourceTree = "<group>";
		};
		2C85DBA62992ADEA004D528D /* PhotosTasks */ = {
			isa = PBXGroup;
			children = (
				2C85DBA92992AE32004D528D /* Model */,
				2C85DBA82992AE29004D528D /* View */,
				2C85DBA72992AE1D004D528D /* Controller */,
			);
			path = PhotosTasks;
			sourceTree = "<group>";
		};
		2C85DBA72992AE1D004D528D /* Controller */ = {
			isa = PBXGroup;
			children = (
				2C85DBAA2992AE8F004D528D /* PhotosTasksVC.swift */,
				2C2913D1299BA1C0009AFC27 /* WorkWithPhoto.swift */,
			);
			path = Controller;
			sourceTree = "<group>";
		};
		2C85DBA82992AE29004D528D /* View */ = {
			isa = PBXGroup;
			children = (
				2C85DBAE2992B800004D528D /* CollectionView.swift */,
				2C85DBA229925B69004D528D /* SettingImagePicker.swift */,
			);
			path = View;
			sourceTree = "<group>";
		};
		2C85DBA92992AE32004D528D /* Model */ = {
			isa = PBXGroup;
			children = (
				2C85DBAC2992AF15004D528D /* PhotoCollectionViewCell.swift */,
			);
			path = Model;
			sourceTree = "<group>";
		};
		2C862A6229A522E4001FC336 /* Controller */ = {
			isa = PBXGroup;
			children = (
				2C5E79DD2949D605001D44CB /* UserInfoVC.swift */,
			);
			path = Controller;
			sourceTree = "<group>";
		};
		2CA41DAB293B70090001AC27 = {
			isa = PBXGroup;
			children = (
				2CA41DB6293B70090001AC27 /* OCRTasks */,
				2CA41DB5293B70090001AC27 /* Products */,
				2C2913CC29956951009AFC27 /* Frameworks */,
			);
			sourceTree = "<group>";
		};
		2CA41DB5293B70090001AC27 /* Products */ = {
			isa = PBXGroup;
			children = (
				2CA41DB4293B70090001AC27 /* OCRTasks.app */,
			);
			name = Products;
			sourceTree = "<group>";
		};
		2CA41DB6293B70090001AC27 /* OCRTasks */ = {
			isa = PBXGroup;
			children = (
				2C3B4A0B294711F0003D78CE /* Application */,
				2C3B4A1729471A45003D78CE /* Presentation */,
				2C3B4A1829471A6F003D78CE /* Autorization */,
				2C3B4A0F2947145B003D78CE /* TasksList */,
				2C3B4A13294715A5003D78CE /* AddTask */,
				2CEBE8D3296DA2F30016B83C /* Tasks */,
				2C85DBA62992ADEA004D528D /* PhotosTasks */,
				2C5E79DA2949D5AB001D44CB /* UserInfo */,
				2CA41DC3293B700A0001AC27 /* Assets.xcassets */,
				2CA41DC8293B700A0001AC27 /* Info.plist */,
				2CA41DC0293B70090001AC27 /* OCRTasks.xcdatamodeld */,
				2C3B4A242948A288003D78CE /* GoogleService-Info.plist */,
			);
			path = OCRTasks;
			sourceTree = "<group>";
		};
		2CEBE8D3296DA2F30016B83C /* Tasks */ = {
			isa = PBXGroup;
			children = (
				2CEBE8D9296DBE9B0016B83C /* Model */,
				2C1509BE298A50DE00D07511 /* View */,
				2CEBE8D8296DBE890016B83C /* Controller */,
			);
			path = Tasks;
			sourceTree = "<group>";
		};
		2CEBE8D8296DBE890016B83C /* Controller */ = {
			isa = PBXGroup;
			children = (
				2CEBE8D4296DA34D0016B83C /* TasksVC.swift */,
			);
			name = Controller;
			sourceTree = "<group>";
		};
		2CEBE8D9296DBE9B0016B83C /* Model */ = {
			isa = PBXGroup;
			children = (
				2CEBE8D6296DBE780016B83C /* CellTasks.swift */,
				2C2913CF299A912B009AFC27 /* SegueTasksVC.swift */,
			);
			path = Model;
			sourceTree = "<group>";
		};
/* End PBXGroup section */

/* Begin PBXNativeTarget section */
		2CA41DB3293B70090001AC27 /* OCRTasks */ = {
			isa = PBXNativeTarget;
			buildConfigurationList = 2CA41DCB293B700A0001AC27 /* Build configuration list for PBXNativeTarget "OCRTasks" */;
			buildPhases = (
				2CA41DB0293B70090001AC27 /* Sources */,
				2CA41DB1293B70090001AC27 /* Frameworks */,
				2CA41DB2293B70090001AC27 /* Resources */,
			);
			buildRules = (
			);
			dependencies = (
			);
			name = OCRTasks;
			packageProductDependencies = (
				2C3B4A1C29488DEC003D78CE /* FirebaseAnalytics */,
				2C3B4A1E29488DEC003D78CE /* FirebaseAnalyticsWithoutAdIdSupport */,
				2C3B4A2029488DEC003D78CE /* FirebaseAuth */,
				2C3B4A2229488DEC003D78CE /* FirebaseDatabase */,
				2C2913CD29956951009AFC27 /* FirebaseStorage */,
			);
			productName = OCRTasks;
			productReference = 2CA41DB4293B70090001AC27 /* OCRTasks.app */;
			productType = "com.apple.product-type.application";
		};
/* End PBXNativeTarget section */

/* Begin PBXProject section */
		2CA41DAC293B70090001AC27 /* Project object */ = {
			isa = PBXProject;
			attributes = {
				BuildIndependentTargetsInParallel = 1;
				LastSwiftUpdateCheck = 1410;
				LastUpgradeCheck = 1410;
				TargetAttributes = {
					2CA41DB3293B70090001AC27 = {
						CreatedOnToolsVersion = 14.1;
					};
				};
			};
			buildConfigurationList = 2CA41DAF293B70090001AC27 /* Build configuration list for PBXProject "OCRTasks" */;
			compatibilityVersion = "Xcode 14.0";
			developmentRegion = en;
			hasScannedForEncodings = 0;
			knownRegions = (
				en,
				Base,
			);
			mainGroup = 2CA41DAB293B70090001AC27;
			packageReferences = (
				2C3B4A1B29488DEC003D78CE /* XCRemoteSwiftPackageReference "firebase-ios-sdk" */,
			);
			productRefGroup = 2CA41DB5293B70090001AC27 /* Products */;
			projectDirPath = "";
			projectRoot = "";
			targets = (
				2CA41DB3293B70090001AC27 /* OCRTasks */,
			);
		};
/* End PBXProject section */

/* Begin PBXResourcesBuildPhase section */
		2CA41DB2293B70090001AC27 /* Resources */ = {
			isa = PBXResourcesBuildPhase;
			buildActionMask = 2147483647;
			files = (
				2CA41DC7293B700A0001AC27 /* LaunchScreen.storyboard in Resources */,
				2C3B4A252948A288003D78CE /* GoogleService-Info.plist in Resources */,
				2CA41DC4293B700A0001AC27 /* Assets.xcassets in Resources */,
				2CA41DBF293B70090001AC27 /* Main.storyboard in Resources */,
			);
			runOnlyForDeploymentPostprocessing = 0;
		};
/* End PBXResourcesBuildPhase section */

/* Begin PBXSourcesBuildPhase section */
		2CA41DB0293B70090001AC27 /* Sources */ = {
			isa = PBXSourcesBuildPhase;
			buildActionMask = 2147483647;
			files = (
				2C23E8C7295DAB9F001DC04F /* ImagesTextFild.swift in Sources */,
				2CEBE8D5296DA34D0016B83C /* TasksVC.swift in Sources */,
				2CFAA2B82940A31100E87A6B /* CellAddTasks.swift in Sources */,
				2C1509C2298A530800D07511 /* TableViewTasksListVC.swift in Sources */,
				2C4B307D2948B8E800D092BF /* Key.swift in Sources */,
				2C1509CA298D01BB00D07511 /* TextFieldAddTasksVC.swift in Sources */,
				2C85DBAF2992B800004D528D /* CollectionView.swift in Sources */,
				2C4B307B2948B62200D092BF /* Messages.swift in Sources */,
				2C6562AC293B8C7100814D9E /* AutorizationVC.swift in Sources */,
				2C0DBEA829505A360095A101 /* TasksList.swift in Sources */,
				2C3C755E2990D03D00A75529 /* LogIn.swift in Sources */,
				2CEBE8D7296DBE780016B83C /* CellTasks.swift in Sources */,
				2CA41DB8293B70090001AC27 /* AppDelegate.swift in Sources */,
				2C2913D0299A912B009AFC27 /* SegueTasksVC.swift in Sources */,
				2C1509C4298B9BAA00D07511 /* ShapeLayerTasksListVC.swift in Sources */,
				2C6562AE293B988A00814D9E /* TasksListVC.swift in Sources */,
				2C85DBAD2992AF15004D528D /* PhotoCollectionViewCell.swift in Sources */,
				2C0DBEA4294B805F0095A101 /* SegueTasksListVC.swift in Sources */,
				2C3C75602990D23100A75529 /* StartPresentation.swift in Sources */,
				2C23E8C5295DA78A001DC04F /* TextFieldAlertController.swift in Sources */,
				2C0DBEA6295058590095A101 /* User.swift in Sources */,
				2C3C7558298D780300A75529 /* LabelAlertController.swift in Sources */,
				2C85DBA329925B69004D528D /* SettingImagePicker.swift in Sources */,
				2C3C755A2990C73300A75529 /* AlertControllers.swift in Sources */,
				2CFAA2BA2940E30900E87A6B /* CellTasksList.swift in Sources */,
				2C1509BC298A509400D07511 /* ShapeLayerTasksVC.swift in Sources */,
				2C0DBEA2294B4DA00095A101 /* SegueAutorization.swift in Sources */,
				2C1509C0298A522800D07511 /* TableViewTasksVC.swift in Sources */,
				2CFAA2B62940803500E87A6B /* AddTasksVC.swift in Sources */,
				2C1509C6298CF76C00D07511 /* AlertsAddTasksVC.swift in Sources */,
				2C85DBA529928227004D528D /* ObserverKeyboard.swift in Sources */,
				2C1509C8298D001E00D07511 /* TableViewAddTasksVC.swift in Sources */,
				2CA41DBA293B70090001AC27 /* SceneDelegate.swift in Sources */,
				2CA41DC2293B70090001AC27 /* OCRTasks.xcdatamodeld in Sources */,
				2CEBE8DB2970267C0016B83C /* TextDelegate.swift in Sources */,
				2C8F4E9D293E08C700724B0E /* PageVC.swift in Sources */,
				2C2913D2299BA1C0009AFC27 /* WorkWithPhoto.swift in Sources */,
				2C2913D629A3663E009AFC27 /* SegueAddTasksVC.swift in Sources */,
				2C8F4E9B293E00A600724B0E /* StartVC.swift in Sources */,
				2C5E79DE2949D605001D44CB /* UserInfoVC.swift in Sources */,
				2C85DBAB2992AE8F004D528D /* PhotosTasksVC.swift in Sources */,
				2C3C755C2990CBA300A75529 /* SignUp.swift in Sources */,
			);
			runOnlyForDeploymentPostprocessing = 0;
		};
/* End PBXSourcesBuildPhase section */

/* Begin PBXVariantGroup section */
		2CA41DBD293B70090001AC27 /* Main.storyboard */ = {
			isa = PBXVariantGroup;
			children = (
				2CA41DBE293B70090001AC27 /* Base */,
			);
			name = Main.storyboard;
			sourceTree = "<group>";
		};
		2CA41DC5293B700A0001AC27 /* LaunchScreen.storyboard */ = {
			isa = PBXVariantGroup;
			children = (
				2CA41DC6293B700A0001AC27 /* Base */,
			);
			name = LaunchScreen.storyboard;
			sourceTree = "<group>";
		};
/* End PBXVariantGroup section */

/* Begin XCBuildConfiguration section */
		2CA41DC9293B700A0001AC27 /* Debug */ = {
			isa = XCBuildConfiguration;
			buildSettings = {
				ALWAYS_SEARCH_USER_PATHS = NO;
				CLANG_ANALYZER_NONNULL = YES;
				CLANG_ANALYZER_NUMBER_OBJECT_CONVERSION = YES_AGGRESSIVE;
				CLANG_CXX_LANGUAGE_STANDARD = "gnu++20";
				CLANG_ENABLE_MODULES = YES;
				CLANG_ENABLE_OBJC_ARC = YES;
				CLANG_ENABLE_OBJC_WEAK = YES;
				CLANG_WARN_BLOCK_CAPTURE_AUTORELEASING = YES;
				CLANG_WARN_BOOL_CONVERSION = YES;
				CLANG_WARN_COMMA = YES;
				CLANG_WARN_CONSTANT_CONVERSION = YES;
				CLANG_WARN_DEPRECATED_OBJC_IMPLEMENTATIONS = YES;
				CLANG_WARN_DIRECT_OBJC_ISA_USAGE = YES_ERROR;
				CLANG_WARN_DOCUMENTATION_COMMENTS = YES;
				CLANG_WARN_EMPTY_BODY = YES;
				CLANG_WARN_ENUM_CONVERSION = YES;
				CLANG_WARN_INFINITE_RECURSION = YES;
				CLANG_WARN_INT_CONVERSION = YES;
				CLANG_WARN_NON_LITERAL_NULL_CONVERSION = YES;
				CLANG_WARN_OBJC_IMPLICIT_RETAIN_SELF = YES;
				CLANG_WARN_OBJC_LITERAL_CONVERSION = YES;
				CLANG_WARN_OBJC_ROOT_CLASS = YES_ERROR;
				CLANG_WARN_QUOTED_INCLUDE_IN_FRAMEWORK_HEADER = YES;
				CLANG_WARN_RANGE_LOOP_ANALYSIS = YES;
				CLANG_WARN_STRICT_PROTOTYPES = YES;
				CLANG_WARN_SUSPICIOUS_MOVE = YES;
				CLANG_WARN_UNGUARDED_AVAILABILITY = YES_AGGRESSIVE;
				CLANG_WARN_UNREACHABLE_CODE = YES;
				CLANG_WARN__DUPLICATE_METHOD_MATCH = YES;
				COPY_PHASE_STRIP = NO;
				DEBUG_INFORMATION_FORMAT = dwarf;
				ENABLE_STRICT_OBJC_MSGSEND = YES;
				ENABLE_TESTABILITY = YES;
				GCC_C_LANGUAGE_STANDARD = gnu11;
				GCC_DYNAMIC_NO_PIC = NO;
				GCC_NO_COMMON_BLOCKS = YES;
				GCC_OPTIMIZATION_LEVEL = 0;
				GCC_PREPROCESSOR_DEFINITIONS = (
					"DEBUG=1",
					"$(inherited)",
				);
				GCC_WARN_64_TO_32_BIT_CONVERSION = YES;
				GCC_WARN_ABOUT_RETURN_TYPE = YES_ERROR;
				GCC_WARN_UNDECLARED_SELECTOR = YES;
				GCC_WARN_UNINITIALIZED_AUTOS = YES_AGGRESSIVE;
				GCC_WARN_UNUSED_FUNCTION = YES;
				GCC_WARN_UNUSED_VARIABLE = YES;
				IPHONEOS_DEPLOYMENT_TARGET = 16.1;
				MTL_ENABLE_DEBUG_INFO = INCLUDE_SOURCE;
				MTL_FAST_MATH = YES;
				ONLY_ACTIVE_ARCH = YES;
				SDKROOT = iphoneos;
				SWIFT_ACTIVE_COMPILATION_CONDITIONS = DEBUG;
				SWIFT_OPTIMIZATION_LEVEL = "-Onone";
			};
			name = Debug;
		};
		2CA41DCA293B700A0001AC27 /* Release */ = {
			isa = XCBuildConfiguration;
			buildSettings = {
				ALWAYS_SEARCH_USER_PATHS = NO;
				CLANG_ANALYZER_NONNULL = YES;
				CLANG_ANALYZER_NUMBER_OBJECT_CONVERSION = YES_AGGRESSIVE;
				CLANG_CXX_LANGUAGE_STANDARD = "gnu++20";
				CLANG_ENABLE_MODULES = YES;
				CLANG_ENABLE_OBJC_ARC = YES;
				CLANG_ENABLE_OBJC_WEAK = YES;
				CLANG_WARN_BLOCK_CAPTURE_AUTORELEASING = YES;
				CLANG_WARN_BOOL_CONVERSION = YES;
				CLANG_WARN_COMMA = YES;
				CLANG_WARN_CONSTANT_CONVERSION = YES;
				CLANG_WARN_DEPRECATED_OBJC_IMPLEMENTATIONS = YES;
				CLANG_WARN_DIRECT_OBJC_ISA_USAGE = YES_ERROR;
				CLANG_WARN_DOCUMENTATION_COMMENTS = YES;
				CLANG_WARN_EMPTY_BODY = YES;
				CLANG_WARN_ENUM_CONVERSION = YES;
				CLANG_WARN_INFINITE_RECURSION = YES;
				CLANG_WARN_INT_CONVERSION = YES;
				CLANG_WARN_NON_LITERAL_NULL_CONVERSION = YES;
				CLANG_WARN_OBJC_IMPLICIT_RETAIN_SELF = YES;
				CLANG_WARN_OBJC_LITERAL_CONVERSION = YES;
				CLANG_WARN_OBJC_ROOT_CLASS = YES_ERROR;
				CLANG_WARN_QUOTED_INCLUDE_IN_FRAMEWORK_HEADER = YES;
				CLANG_WARN_RANGE_LOOP_ANALYSIS = YES;
				CLANG_WARN_STRICT_PROTOTYPES = YES;
				CLANG_WARN_SUSPICIOUS_MOVE = YES;
				CLANG_WARN_UNGUARDED_AVAILABILITY = YES_AGGRESSIVE;
				CLANG_WARN_UNREACHABLE_CODE = YES;
				CLANG_WARN__DUPLICATE_METHOD_MATCH = YES;
				COPY_PHASE_STRIP = NO;
				DEBUG_INFORMATION_FORMAT = "dwarf-with-dsym";
				ENABLE_NS_ASSERTIONS = NO;
				ENABLE_STRICT_OBJC_MSGSEND = YES;
				GCC_C_LANGUAGE_STANDARD = gnu11;
				GCC_NO_COMMON_BLOCKS = YES;
				GCC_WARN_64_TO_32_BIT_CONVERSION = YES;
				GCC_WARN_ABOUT_RETURN_TYPE = YES_ERROR;
				GCC_WARN_UNDECLARED_SELECTOR = YES;
				GCC_WARN_UNINITIALIZED_AUTOS = YES_AGGRESSIVE;
				GCC_WARN_UNUSED_FUNCTION = YES;
				GCC_WARN_UNUSED_VARIABLE = YES;
				IPHONEOS_DEPLOYMENT_TARGET = 16.1;
				MTL_ENABLE_DEBUG_INFO = NO;
				MTL_FAST_MATH = YES;
				SDKROOT = iphoneos;
				SWIFT_COMPILATION_MODE = wholemodule;
				SWIFT_OPTIMIZATION_LEVEL = "-O";
				VALIDATE_PRODUCT = YES;
			};
			name = Release;
		};
		2CA41DCC293B700A0001AC27 /* Debug */ = {
			isa = XCBuildConfiguration;
			buildSettings = {
				ASSETCATALOG_COMPILER_APPICON_NAME = AppIcon;
				ASSETCATALOG_COMPILER_GLOBAL_ACCENT_COLOR_NAME = AccentColor;
				CODE_SIGN_STYLE = Automatic;
				CURRENT_PROJECT_VERSION = 1;
				DEVELOPMENT_TEAM = XLXB9YQ52L;
				GENERATE_INFOPLIST_FILE = YES;
				INFOPLIST_FILE = OCRTasks/Info.plist;
				INFOPLIST_KEY_CFBundleDisplayName = ChY;
				INFOPLIST_KEY_NSCameraUsageDescription = "$(PRODUCT_NAME) camera use";
				INFOPLIST_KEY_UIApplicationSupportsIndirectInputEvents = YES;
				INFOPLIST_KEY_UILaunchStoryboardName = LaunchScreen;
				INFOPLIST_KEY_UIMainStoryboardFile = Main;
				INFOPLIST_KEY_UISupportedInterfaceOrientations = "UIInterfaceOrientationPortrait UIInterfaceOrientationPortraitUpsideDown";
				INFOPLIST_KEY_UISupportedInterfaceOrientations_iPad = UIInterfaceOrientationPortrait;
				LD_RUNPATH_SEARCH_PATHS = (
					"$(inherited)",
					"@executable_path/Frameworks",
				);
				MARKETING_VERSION = 1.0;
				PRODUCT_BUNDLE_IDENTIFIER = ru.ivanov.OCRTasks;
				PRODUCT_NAME = "$(TARGET_NAME)";
				SWIFT_EMIT_LOC_STRINGS = YES;
				SWIFT_VERSION = 5.0;
				TARGETED_DEVICE_FAMILY = "1,2";
			};
			name = Debug;
		};
		2CA41DCD293B700A0001AC27 /* Release */ = {
			isa = XCBuildConfiguration;
			buildSettings = {
				ASSETCATALOG_COMPILER_APPICON_NAME = AppIcon;
				ASSETCATALOG_COMPILER_GLOBAL_ACCENT_COLOR_NAME = AccentColor;
				CODE_SIGN_STYLE = Automatic;
				CURRENT_PROJECT_VERSION = 1;
				DEVELOPMENT_TEAM = XLXB9YQ52L;
				GCC_OPTIMIZATION_LEVEL = 0;
				GENERATE_INFOPLIST_FILE = YES;
				INFOPLIST_FILE = OCRTasks/Info.plist;
				INFOPLIST_KEY_CFBundleDisplayName = ChY;
				INFOPLIST_KEY_NSCameraUsageDescription = "$(PRODUCT_NAME) camera use";
				INFOPLIST_KEY_UIApplicationSupportsIndirectInputEvents = YES;
				INFOPLIST_KEY_UILaunchStoryboardName = LaunchScreen;
				INFOPLIST_KEY_UIMainStoryboardFile = Main;
				INFOPLIST_KEY_UISupportedInterfaceOrientations = "UIInterfaceOrientationPortrait UIInterfaceOrientationPortraitUpsideDown";
				INFOPLIST_KEY_UISupportedInterfaceOrientations_iPad = UIInterfaceOrientationPortrait;
				LD_RUNPATH_SEARCH_PATHS = (
					"$(inherited)",
					"@executable_path/Frameworks",
				);
				MARKETING_VERSION = 1.0;
				PRODUCT_BUNDLE_IDENTIFIER = ru.ivanov.OCRTasks;
				PRODUCT_NAME = "$(TARGET_NAME)";
				SWIFT_EMIT_LOC_STRINGS = YES;
				SWIFT_VERSION = 5.0;
				TARGETED_DEVICE_FAMILY = "1,2";
			};
			name = Release;
		};
/* End XCBuildConfiguration section */

/* Begin XCConfigurationList section */
		2CA41DAF293B70090001AC27 /* Build configuration list for PBXProject "OCRTasks" */ = {
			isa = XCConfigurationList;
			buildConfigurations = (
				2CA41DC9293B700A0001AC27 /* Debug */,
				2CA41DCA293B700A0001AC27 /* Release */,
			);
			defaultConfigurationIsVisible = 0;
			defaultConfigurationName = Release;
		};
		2CA41DCB293B700A0001AC27 /* Build configuration list for PBXNativeTarget "OCRTasks" */ = {
			isa = XCConfigurationList;
			buildConfigurations = (
				2CA41DCC293B700A0001AC27 /* Debug */,
				2CA41DCD293B700A0001AC27 /* Release */,
			);
			defaultConfigurationIsVisible = 0;
			defaultConfigurationName = Release;
		};
/* End XCConfigurationList section */

/* Begin XCRemoteSwiftPackageReference section */
		2C3B4A1B29488DEC003D78CE /* XCRemoteSwiftPackageReference "firebase-ios-sdk" */ = {
			isa = XCRemoteSwiftPackageReference;
			repositoryURL = "https://github.com/firebase/firebase-ios-sdk";
			requirement = {
				branch = master;
				kind = branch;
			};
		};
/* End XCRemoteSwiftPackageReference section */

/* Begin XCSwiftPackageProductDependency section */
		2C2913CD29956951009AFC27 /* FirebaseStorage */ = {
			isa = XCSwiftPackageProductDependency;
			package = 2C3B4A1B29488DEC003D78CE /* XCRemoteSwiftPackageReference "firebase-ios-sdk" */;
			productName = FirebaseStorage;
		};
		2C3B4A1C29488DEC003D78CE /* FirebaseAnalytics */ = {
			isa = XCSwiftPackageProductDependency;
			package = 2C3B4A1B29488DEC003D78CE /* XCRemoteSwiftPackageReference "firebase-ios-sdk" */;
			productName = FirebaseAnalytics;
		};
		2C3B4A1E29488DEC003D78CE /* FirebaseAnalyticsWithoutAdIdSupport */ = {
			isa = XCSwiftPackageProductDependency;
			package = 2C3B4A1B29488DEC003D78CE /* XCRemoteSwiftPackageReference "firebase-ios-sdk" */;
			productName = FirebaseAnalyticsWithoutAdIdSupport;
		};
		2C3B4A2029488DEC003D78CE /* FirebaseAuth */ = {
			isa = XCSwiftPackageProductDependency;
			package = 2C3B4A1B29488DEC003D78CE /* XCRemoteSwiftPackageReference "firebase-ios-sdk" */;
			productName = FirebaseAuth;
		};
		2C3B4A2229488DEC003D78CE /* FirebaseDatabase */ = {
			isa = XCSwiftPackageProductDependency;
			package = 2C3B4A1B29488DEC003D78CE /* XCRemoteSwiftPackageReference "firebase-ios-sdk" */;
			productName = FirebaseDatabase;
		};
/* End XCSwiftPackageProductDependency section */

/* Begin XCVersionGroup section */
		2CA41DC0293B70090001AC27 /* OCRTasks.xcdatamodeld */ = {
			isa = XCVersionGroup;
			children = (
				2CA41DC1293B70090001AC27 /* OCRTasks.xcdatamodel */,
			);
			currentVersion = 2CA41DC1293B70090001AC27 /* OCRTasks.xcdatamodel */;
			path = OCRTasks.xcdatamodeld;
			sourceTree = "<group>";
			versionGroupType = wrapper.xcdatamodel;
		};
/* End XCVersionGroup section */
	};
	rootObject = 2CA41DAC293B70090001AC27 /* Project object */;
}
